// !$*UTF8*$!
{
	archiveVersion = 1;
	classes = {
	};
	objectVersion = 56;
	objects = {

/* Begin PBXBuildFile section */
		008D68DE2923ED8700558197 /* AdminViewController.swift in Sources */ = {isa = PBXBuildFile; fileRef = 008D68DD2923ED8700558197 /* AdminViewController.swift */; };
		008D68E02923ED9200558197 /* AdminViewModel.swift in Sources */ = {isa = PBXBuildFile; fileRef = 008D68DF2923ED9200558197 /* AdminViewModel.swift */; };
		008D68E22923FC2900558197 /* Coordinator.swift in Sources */ = {isa = PBXBuildFile; fileRef = 008D68E12923FC2900558197 /* Coordinator.swift */; };
		008D68E42923FC6000558197 /* Assembly.swift in Sources */ = {isa = PBXBuildFile; fileRef = 008D68E32923FC6000558197 /* Assembly.swift */; };
		008D68E62923FCB100558197 /* AdminIO.swift in Sources */ = {isa = PBXBuildFile; fileRef = 008D68E52923FCB100558197 /* AdminIO.swift */; };
		00F736CB2923B8D700926596 /* AppDelegate.swift in Sources */ = {isa = PBXBuildFile; fileRef = 00F736CA2923B8D700926596 /* AppDelegate.swift */; };
		00F736CD2923B8D700926596 /* SceneDelegate.swift in Sources */ = {isa = PBXBuildFile; fileRef = 00F736CC2923B8D700926596 /* SceneDelegate.swift */; };
		00F736D22923B8D700926596 /* Main.storyboard in Resources */ = {isa = PBXBuildFile; fileRef = 00F736D02923B8D700926596 /* Main.storyboard */; };
		00F736D42923B8D800926596 /* Assets.xcassets in Resources */ = {isa = PBXBuildFile; fileRef = 00F736D32923B8D800926596 /* Assets.xcassets */; };
		00F736D72923B8D800926596 /* LaunchScreen.storyboard in Resources */ = {isa = PBXBuildFile; fileRef = 00F736D52923B8D800926596 /* LaunchScreen.storyboard */; };
/* End PBXBuildFile section */

/* Begin PBXFileReference section */
		008D68DD2923ED8700558197 /* AdminViewController.swift */ = {isa = PBXFileReference; lastKnownFileType = sourcecode.swift; path = AdminViewController.swift; sourceTree = "<group>"; };
		008D68DF2923ED9200558197 /* AdminViewModel.swift */ = {isa = PBXFileReference; lastKnownFileType = sourcecode.swift; path = AdminViewModel.swift; sourceTree = "<group>"; };
		008D68E12923FC2900558197 /* Coordinator.swift */ = {isa = PBXFileReference; lastKnownFileType = sourcecode.swift; path = Coordinator.swift; sourceTree = "<group>"; };
		008D68E32923FC6000558197 /* Assembly.swift */ = {isa = PBXFileReference; lastKnownFileType = sourcecode.swift; path = Assembly.swift; sourceTree = "<group>"; };
		008D68E52923FCB100558197 /* AdminIO.swift */ = {isa = PBXFileReference; lastKnownFileType = sourcecode.swift; path = AdminIO.swift; sourceTree = "<group>"; };
		00F736C72923B8D700926596 /* StudyDiaryMVVM.app */ = {isa = PBXFileReference; explicitFileType = wrapper.application; includeInIndex = 0; path = StudyDiaryMVVM.app; sourceTree = BUILT_PRODUCTS_DIR; };
		00F736CA2923B8D700926596 /* AppDelegate.swift */ = {isa = PBXFileReference; lastKnownFileType = sourcecode.swift; path = AppDelegate.swift; sourceTree = "<group>"; };
		00F736CC2923B8D700926596 /* SceneDelegate.swift */ = {isa = PBXFileReference; lastKnownFileType = sourcecode.swift; path = SceneDelegate.swift; sourceTree = "<group>"; };
		00F736D12923B8D700926596 /* Base */ = {isa = PBXFileReference; lastKnownFileType = file.storyboard; name = Base; path = Base.lproj/Main.storyboard; sourceTree = "<group>"; };
		00F736D32923B8D800926596 /* Assets.xcassets */ = {isa = PBXFileReference; lastKnownFileType = folder.assetcatalog; path = Assets.xcassets; sourceTree = "<group>"; };
		00F736D62923B8D800926596 /* Base */ = {isa = PBXFileReference; lastKnownFileType = file.storyboard; name = Base; path = Base.lproj/LaunchScreen.storyboard; sourceTree = "<group>"; };
		00F736D82923B8D800926596 /* Info.plist */ = {isa = PBXFileReference; lastKnownFileType = text.plist.xml; path = Info.plist; sourceTree = "<group>"; };
/* End PBXFileReference section */

/* Begin PBXFrameworksBuildPhase section */
		00F736C42923B8D700926596 /* Frameworks */ = {
			isa = PBXFrameworksBuildPhase;
			buildActionMask = 2147483647;
			files = (
			);
			runOnlyForDeploymentPostprocessing = 0;
		};
/* End PBXFrameworksBuildPhase section */

/* Begin PBXGroup section */
		008D68DB2923ED7300558197 /* Model */ = {
			isa = PBXGroup;
			children = (
				008D68E12923FC2900558197 /* Coordinator.swift */,
				008D68E32923FC6000558197 /* Assembly.swift */,
				008D68DC2923ED7B00558197 /* Admin */,
			);
			path = Model;
			sourceTree = "<group>";
		};
		008D68DC2923ED7B00558197 /* Admin */ = {
			isa = PBXGroup;
			children = (
				008D68DD2923ED8700558197 /* AdminViewController.swift */,
				008D68DF2923ED9200558197 /* AdminViewModel.swift */,
				008D68E52923FCB100558197 /* AdminIO.swift */,
			);
			path = Admin;
			sourceTree = "<group>";
		};
		00F736BE2923B8D700926596 = {
			isa = PBXGroup;
			children = (
				00F736C92923B8D700926596 /* StudyDiaryMVVM */,
				00F736C82923B8D700926596 /* Products */,
			);
			sourceTree = "<group>";
		};
		00F736C82923B8D700926596 /* Products */ = {
			isa = PBXGroup;
			children = (
				00F736C72923B8D700926596 /* StudyDiaryMVVM.app */,
			);
			name = Products;
			sourceTree = "<group>";
		};
		00F736C92923B8D700926596 /* StudyDiaryMVVM */ = {
			isa = PBXGroup;
			children = (
				00F736CA2923B8D700926596 /* AppDelegate.swift */,
				00F736CC2923B8D700926596 /* SceneDelegate.swift */,
				008D68DB2923ED7300558197 /* Model */,
				00F736D02923B8D700926596 /* Main.storyboard */,
				00F736D32923B8D800926596 /* Assets.xcassets */,
				00F736D52923B8D800926596 /* LaunchScreen.storyboard */,
				00F736D82923B8D800926596 /* Info.plist */,
			);
			path = StudyDiaryMVVM;
			sourceTree = "<group>";
		};
/* End PBXGroup section */

/* Begin PBXNativeTarget section */
		00F736C62923B8D700926596 /* StudyDiaryMVVM */ = {
			isa = PBXNativeTarget;
			buildConfigurationList = 00F736DB2923B8D800926596 /* Build configuration list for PBXNativeTarget "StudyDiaryMVVM" */;
			buildPhases = (
				008D68DA2923D14800558197 /* ShellScript */,
				00F736C32923B8D700926596 /* Sources */,
				00F736C42923B8D700926596 /* Frameworks */,
				00F736C52923B8D700926596 /* Resources */,
			);
			buildRules = (
			);
			dependencies = (
			);
			name = StudyDiaryMVVM;
			productName = StudyDiaryMVVM;
			productReference = 00F736C72923B8D700926596 /* StudyDiaryMVVM.app */;
			productType = "com.apple.product-type.application";
		};
/* End PBXNativeTarget section */

/* Begin PBXProject section */
		00F736BF2923B8D700926596 /* Project object */ = {
			isa = PBXProject;
			attributes = {
				BuildIndependentTargetsInParallel = 1;
				LastSwiftUpdateCheck = 1400;
				LastUpgradeCheck = 1400;
				TargetAttributes = {
					00F736C62923B8D700926596 = {
						CreatedOnToolsVersion = 14.0;
					};
				};
			};
			buildConfigurationList = 00F736C22923B8D700926596 /* Build configuration list for PBXProject "StudyDiaryMVVM" */;
			compatibilityVersion = "Xcode 14.0";
			developmentRegion = en;
			hasScannedForEncodings = 0;
			knownRegions = (
				en,
				Base,
			);
			mainGroup = 00F736BE2923B8D700926596;
			productRefGroup = 00F736C82923B8D700926596 /* Products */;
			projectDirPath = "";
			projectRoot = "";
			targets = (
				00F736C62923B8D700926596 /* StudyDiaryMVVM */,
			);
		};
/* End PBXProject section */

/* Begin PBXResourcesBuildPhase section */
		00F736C52923B8D700926596 /* Resources */ = {
			isa = PBXResourcesBuildPhase;
			buildActionMask = 2147483647;
			files = (
				00F736D72923B8D800926596 /* LaunchScreen.storyboard in Resources */,
				00F736D42923B8D800926596 /* Assets.xcassets in Resources */,
				00F736D22923B8D700926596 /* Main.storyboard in Resources */,
			);
			runOnlyForDeploymentPostprocessing = 0;
		};
/* End PBXResourcesBuildPhase section */

/* Begin PBXShellScriptBuildPhase section */
		008D68DA2923D14800558197 /* ShellScript */ = {
			isa = PBXShellScriptBuildPhase;
			alwaysOutOfDate = 1;
			buildActionMask = 2147483647;
			files = (
			);
			inputFileListPaths = (
			);
			inputPaths = (
			);
			outputFileListPaths = (
			);
			outputPaths = (
			);
			runOnlyForDeploymentPostprocessing = 0;
			shellPath = /bin/sh;
			shellScript = "if test -d \"/opt/homebrew/bin/\"; then\n  PATH=\"/opt/homebrew/bin/:${PATH}\"\nfi\n\nexport PATH\n\nif which swiftlint >/dev/null; then\n  swiftlint\nelse\n  echo \"warning: SwiftLint not installed, download from https://github.com/realm/SwiftLint\"\nfi\n";
		};
/* End PBXShellScriptBuildPhase section */

/* Begin PBXSourcesBuildPhase section */
		00F736C32923B8D700926596 /* Sources */ = {
			isa = PBXSourcesBuildPhase;
			buildActionMask = 2147483647;
			files = (
				008D68DE2923ED8700558197 /* AdminViewController.swift in Sources */,
				008D68E62923FCB100558197 /* AdminIO.swift in Sources */,
				008D68E42923FC6000558197 /* Assembly.swift in Sources */,
				008D68E02923ED9200558197 /* AdminViewModel.swift in Sources */,
				008D68E22923FC2900558197 /* Coordinator.swift in Sources */,
				00F736CB2923B8D700926596 /* AppDelegate.swift in Sources */,
				00F736CD2923B8D700926596 /* SceneDelegate.swift in Sources */,
			);
			runOnlyForDeploymentPostprocessing = 0;
		};
/* End PBXSourcesBuildPhase section */

/* Begin PBXVariantGroup section */
		00F736D02923B8D700926596 /* Main.storyboard */ = {
			isa = PBXVariantGroup;
			children = (
				00F736D12923B8D700926596 /* Base */,
			);
			name = Main.storyboard;
			sourceTree = "<group>";
		};
		00F736D52923B8D800926596 /* LaunchScreen.storyboard */ = {
			isa = PBXVariantGroup;
			children = (
				00F736D62923B8D800926596 /* Base */,
			);
			name = LaunchScreen.storyboard;
			sourceTree = "<group>";
		};
/* End PBXVariantGroup section */

/* Begin XCBuildConfiguration section */
		00F736D92923B8D800926596 /* Debug */ = {
			isa = XCBuildConfiguration;
			buildSettings = {
				ALWAYS_SEARCH_USER_PATHS = NO;
				CLANG_ANALYZER_NONNULL = YES;
				CLANG_ANALYZER_NUMBER_OBJECT_CONVERSION = YES_AGGRESSIVE;
				CLANG_CXX_LANGUAGE_STANDARD = "gnu++20";
				CLANG_ENABLE_MODULES = YES;
				CLANG_ENABLE_OBJC_ARC = YES;
				CLANG_ENABLE_OBJC_WEAK = YES;
				CLANG_WARN_BLOCK_CAPTURE_AUTORELEASING = YES;
				CLANG_WARN_BOOL_CONVERSION = YES;
				CLANG_WARN_COMMA = YES;
				CLANG_WARN_CONSTANT_CONVERSION = YES;
				CLANG_WARN_DEPRECATED_OBJC_IMPLEMENTATIONS = YES;
				CLANG_WARN_DIRECT_OBJC_ISA_USAGE = YES_ERROR;
				CLANG_WARN_DOCUMENTATION_COMMENTS = YES;
				CLANG_WARN_EMPTY_BODY = YES;
				CLANG_WARN_ENUM_CONVERSION = YES;
				CLANG_WARN_INFINITE_RECURSION = YES;
				CLANG_WARN_INT_CONVERSION = YES;
				CLANG_WARN_NON_LITERAL_NULL_CONVERSION = YES;
				CLANG_WARN_OBJC_IMPLICIT_RETAIN_SELF = YES;
				CLANG_WARN_OBJC_LITERAL_CONVERSION = YES;
				CLANG_WARN_OBJC_ROOT_CLASS = YES_ERROR;
				CLANG_WARN_QUOTED_INCLUDE_IN_FRAMEWORK_HEADER = YES;
				CLANG_WARN_RANGE_LOOP_ANALYSIS = YES;
				CLANG_WARN_STRICT_PROTOTYPES = YES;
				CLANG_WARN_SUSPICIOUS_MOVE = YES;
				CLANG_WARN_UNGUARDED_AVAILABILITY = YES_AGGRESSIVE;
				CLANG_WARN_UNREACHABLE_CODE = YES;
				CLANG_WARN__DUPLICATE_METHOD_MATCH = YES;
				COPY_PHASE_STRIP = NO;
				DEBUG_INFORMATION_FORMAT = dwarf;
				ENABLE_STRICT_OBJC_MSGSEND = YES;
				ENABLE_TESTABILITY = YES;
				GCC_C_LANGUAGE_STANDARD = gnu11;
				GCC_DYNAMIC_NO_PIC = NO;
				GCC_NO_COMMON_BLOCKS = YES;
				GCC_OPTIMIZATION_LEVEL = 0;
				GCC_PREPROCESSOR_DEFINITIONS = (
					"DEBUG=1",
					"$(inherited)",
				);
				GCC_WARN_64_TO_32_BIT_CONVERSION = YES;
				GCC_WARN_ABOUT_RETURN_TYPE = YES_ERROR;
				GCC_WARN_UNDECLARED_SELECTOR = YES;
				GCC_WARN_UNINITIALIZED_AUTOS = YES_AGGRESSIVE;
				GCC_WARN_UNUSED_FUNCTION = YES;
				GCC_WARN_UNUSED_VARIABLE = YES;
				IPHONEOS_DEPLOYMENT_TARGET = 16.0;
				MTL_ENABLE_DEBUG_INFO = INCLUDE_SOURCE;
				MTL_FAST_MATH = YES;
				ONLY_ACTIVE_ARCH = YES;
				SDKROOT = iphoneos;
				SWIFT_ACTIVE_COMPILATION_CONDITIONS = DEBUG;
				SWIFT_OPTIMIZATION_LEVEL = "-Onone";
			};
			name = Debug;
		};
		00F736DA2923B8D800926596 /* Release */ = {
			isa = XCBuildConfiguration;
			buildSettings = {
				ALWAYS_SEARCH_USER_PATHS = NO;
				CLANG_ANALYZER_NONNULL = YES;
				CLANG_ANALYZER_NUMBER_OBJECT_CONVERSION = YES_AGGRESSIVE;
				CLANG_CXX_LANGUAGE_STANDARD = "gnu++20";
				CLANG_ENABLE_MODULES = YES;
				CLANG_ENABLE_OBJC_ARC = YES;
				CLANG_ENABLE_OBJC_WEAK = YES;
				CLANG_WARN_BLOCK_CAPTURE_AUTORELEASING = YES;
				CLANG_WARN_BOOL_CONVERSION = YES;
				CLANG_WARN_COMMA = YES;
				CLANG_WARN_CONSTANT_CONVERSION = YES;
				CLANG_WARN_DEPRECATED_OBJC_IMPLEMENTATIONS = YES;
				CLANG_WARN_DIRECT_OBJC_ISA_USAGE = YES_ERROR;
				CLANG_WARN_DOCUMENTATION_COMMENTS = YES;
				CLANG_WARN_EMPTY_BODY = YES;
				CLANG_WARN_ENUM_CONVERSION = YES;
				CLANG_WARN_INFINITE_RECURSION = YES;
				CLANG_WARN_INT_CONVERSION = YES;
				CLANG_WARN_NON_LITERAL_NULL_CONVERSION = YES;
				CLANG_WARN_OBJC_IMPLICIT_RETAIN_SELF = YES;
				CLANG_WARN_OBJC_LITERAL_CONVERSION = YES;
				CLANG_WARN_OBJC_ROOT_CLASS = YES_ERROR;
				CLANG_WARN_QUOTED_INCLUDE_IN_FRAMEWORK_HEADER = YES;
				CLANG_WARN_RANGE_LOOP_ANALYSIS = YES;
				CLANG_WARN_STRICT_PROTOTYPES = YES;
				CLANG_WARN_SUSPICIOUS_MOVE = YES;
				CLANG_WARN_UNGUARDED_AVAILABILITY = YES_AGGRESSIVE;
				CLANG_WARN_UNREACHABLE_CODE = YES;
				CLANG_WARN__DUPLICATE_METHOD_MATCH = YES;
				COPY_PHASE_STRIP = NO;
				DEBUG_INFORMATION_FORMAT = "dwarf-with-dsym";
				ENABLE_NS_ASSERTIONS = NO;
				ENABLE_STRICT_OBJC_MSGSEND = YES;
				GCC_C_LANGUAGE_STANDARD = gnu11;
				GCC_NO_COMMON_BLOCKS = YES;
				GCC_WARN_64_TO_32_BIT_CONVERSION = YES;
				GCC_WARN_ABOUT_RETURN_TYPE = YES_ERROR;
				GCC_WARN_UNDECLARED_SELECTOR = YES;
				GCC_WARN_UNINITIALIZED_AUTOS = YES_AGGRESSIVE;
				GCC_WARN_UNUSED_FUNCTION = YES;
				GCC_WARN_UNUSED_VARIABLE = YES;
				IPHONEOS_DEPLOYMENT_TARGET = 16.0;
				MTL_ENABLE_DEBUG_INFO = NO;
				MTL_FAST_MATH = YES;
				SDKROOT = iphoneos;
				SWIFT_COMPILATION_MODE = wholemodule;
				SWIFT_OPTIMIZATION_LEVEL = "-O";
				VALIDATE_PRODUCT = YES;
			};
			name = Release;
		};
		00F736DC2923B8D800926596 /* Debug */ = {
			isa = XCBuildConfiguration;
			buildSettings = {
				ASSETCATALOG_COMPILER_APPICON_NAME = AppIcon;
				ASSETCATALOG_COMPILER_GLOBAL_ACCENT_COLOR_NAME = AccentColor;
				CODE_SIGN_STYLE = Automatic;
				CURRENT_PROJECT_VERSION = 1;
				DEVELOPMENT_TEAM = W9FSXFWG34;
				GENERATE_INFOPLIST_FILE = YES;
				INFOPLIST_FILE = StudyDiaryMVVM/Info.plist;
				INFOPLIST_KEY_UIApplicationSupportsIndirectInputEvents = YES;
				INFOPLIST_KEY_UILaunchStoryboardName = LaunchScreen;
				INFOPLIST_KEY_UIMainStoryboardFile = Main;
				INFOPLIST_KEY_UISupportedInterfaceOrientations_iPad = "UIInterfaceOrientationPortrait UIInterfaceOrientationPortraitUpsideDown UIInterfaceOrientationLandscapeLeft UIInterfaceOrientationLandscapeRight";
				INFOPLIST_KEY_UISupportedInterfaceOrientations_iPhone = "UIInterfaceOrientationPortrait UIInterfaceOrientationLandscapeLeft UIInterfaceOrientationLandscapeRight";
				LD_RUNPATH_SEARCH_PATHS = (
					"$(inherited)",
					"@executable_path/Frameworks",
				);
				MARKETING_VERSION = 1.0;
				PRODUCT_BUNDLE_IDENTIFIER = artemorlov.StudyDiaryMVVM;
				PRODUCT_NAME = "$(TARGET_NAME)";
				SWIFT_EMIT_LOC_STRINGS = YES;
				SWIFT_VERSION = 5.0;
				TARGETED_DEVICE_FAMILY = "1,2";
			};
			name = Debug;
		};
		00F736DD2923B8D800926596 /* Release */ = {
			isa = XCBuildConfiguration;
			buildSettings = {
				ASSETCATALOG_COMPILER_APPICON_NAME = AppIcon;
				ASSETCATALOG_COMPILER_GLOBAL_ACCENT_COLOR_NAME = AccentColor;
				CODE_SIGN_STYLE = Automatic;
				CURRENT_PROJECT_VERSION = 1;
				DEVELOPMENT_TEAM = W9FSXFWG34;
				GENERATE_INFOPLIST_FILE = YES;
				INFOPLIST_FILE = StudyDiaryMVVM/Info.plist;
				INFOPLIST_KEY_UIApplicationSupportsIndirectInputEvents = YES;
				INFOPLIST_KEY_UILaunchStoryboardName = LaunchScreen;
				INFOPLIST_KEY_UIMainStoryboardFile = Main;
				INFOPLIST_KEY_UISupportedInterfaceOrientations_iPad = "UIInterfaceOrientationPortrait UIInterfaceOrientationPortraitUpsideDown UIInterfaceOrientationLandscapeLeft UIInterfaceOrientationLandscapeRight";
				INFOPLIST_KEY_UISupportedInterfaceOrientations_iPhone = "UIInterfaceOrientationPortrait UIInterfaceOrientationLandscapeLeft UIInterfaceOrientationLandscapeRight";
				LD_RUNPATH_SEARCH_PATHS = (
					"$(inherited)",
					"@executable_path/Frameworks",
				);
				MARKETING_VERSION = 1.0;
				PRODUCT_BUNDLE_IDENTIFIER = artemorlov.StudyDiaryMVVM;
				PRODUCT_NAME = "$(TARGET_NAME)";
				SWIFT_EMIT_LOC_STRINGS = YES;
				SWIFT_VERSION = 5.0;
				TARGETED_DEVICE_FAMILY = "1,2";
			};
			name = Release;
		};
/* End XCBuildConfiguration section */

/* Begin XCConfigurationList section */
		00F736C22923B8D700926596 /* Build configuration list for PBXProject "StudyDiaryMVVM" */ = {
			isa = XCConfigurationList;
			buildConfigurations = (
				00F736D92923B8D800926596 /* Debug */,
				00F736DA2923B8D800926596 /* Release */,
			);
			defaultConfigurationIsVisible = 0;
			defaultConfigurationName = Release;
		};
		00F736DB2923B8D800926596 /* Build configuration list for PBXNativeTarget "StudyDiaryMVVM" */ = {
			isa = XCConfigurationList;
			buildConfigurations = (
				00F736DC2923B8D800926596 /* Debug */,
				00F736DD2923B8D800926596 /* Release */,
			);
			defaultConfigurationIsVisible = 0;
			defaultConfigurationName = Release;
		};
/* End XCConfigurationList section */
	};
	rootObject = 00F736BF2923B8D700926596 /* Project object */;
}
